
Microsoft Visual Studio Solution File, Format Version 12.00
# Visual Studio Version 17
VisualStudioVersion = 17.0.32014.148
MinimumVisualStudioVersion = 10.0.40219.1
Project("{9A19103F-16F7-4668-BE54-9A1E7A4F7556}") = "Puchalski.Spotify.Api", "Puchalski.Spotify.Api\Puchalski.Spotify.Api.csproj", "{481F650A-8641-47A9-92CF-01CEA86B550B}"
EndProject
Project("{9A19103F-16F7-4668-BE54-9A1E7A4F7556}") = "Puchalski.Spotify.Test", "Puchalski.Spotify.Test\Puchalski.Spotify.Test.csproj", "{042AD653-5A51-44BC-A646-B521575AF18B}"
EndProject
Project("{9A19103F-16F7-4668-BE54-9A1E7A4F7556}") = "Puchalski.Spotify.Application", "Puchalski.Spotify.Application\Puchalski.Spotify.Application.csproj", "{5A9D8BBF-E6AB-4BF1-BE09-2686D5F9B781}"
EndProject
Project("{9A19103F-16F7-4668-BE54-9A1E7A4F7556}") = "Puchalski.Spotify.Domain", "Puchalski.Spotify.Domain\Puchalski.Spotify.Domain.csproj", "{F1F13DD7-B0A6-43FF-A03E-CC51F1558947}"
EndProject
Project("{FAE04EC0-301F-11D3-BF4B-00C04F79EFBC}") = "Puchalski.Spotify.ExternalApi", "Puchalski.Spotify.ExternalApi\Puchalski.Spotify.ExternalApi.csproj", "{6F8E3D0A-3255-4E1E-9E3E-EA152A3AD6C2}"
EndProject
Global
	GlobalSection(SolutionConfigurationPlatforms) = preSolution
		Debug|Any CPU = Debug|Any CPU
		Release|Any CPU = Release|Any CPU
	EndGlobalSection
	GlobalSection(ProjectConfigurationPlatforms) = postSolution
		{481F650A-8641-47A9-92CF-01CEA86B550B}.Debug|Any CPU.ActiveCfg = Debug|Any CPU
		{481F650A-8641-47A9-92CF-01CEA86B550B}.Debug|Any CPU.Build.0 = Debug|Any CPU
		{481F650A-8641-47A9-92CF-01CEA86B550B}.Release|Any CPU.ActiveCfg = Release|Any CPU
		{481F650A-8641-47A9-92CF-01CEA86B550B}.Release|Any CPU.Build.0 = Release|Any CPU
		{042AD653-5A51-44BC-A646-B521575AF18B}.Debug|Any CPU.ActiveCfg = Debug|Any CPU
		{042AD653-5A51-44BC-A646-B521575AF18B}.Debug|Any CPU.Build.0 = Debug|Any CPU
		{042AD653-5A51-44BC-A646-B521575AF18B}.Release|Any CPU.ActiveCfg = Release|Any CPU
		{042AD653-5A51-44BC-A646-B521575AF18B}.Release|Any CPU.Build.0 = Release|Any CPU
		{5A9D8BBF-E6AB-4BF1-BE09-2686D5F9B781}.Debug|Any CPU.ActiveCfg = Debug|Any CPU
		{5A9D8BBF-E6AB-4BF1-BE09-2686D5F9B781}.Debug|Any CPU.Build.0 = Debug|Any CPU
		{5A9D8BBF-E6AB-4BF1-BE09-2686D5F9B781}.Release|Any CPU.ActiveCfg = Release|Any CPU
		{5A9D8BBF-E6AB-4BF1-BE09-2686D5F9B781}.Release|Any CPU.Build.0 = Release|Any CPU
		{F1F13DD7-B0A6-43FF-A03E-CC51F1558947}.Debug|Any CPU.ActiveCfg = Debug|Any CPU
		{F1F13DD7-B0A6-43FF-A03E-CC51F1558947}.Debug|Any CPU.Build.0 = Debug|Any CPU
		{F1F13DD7-B0A6-43FF-A03E-CC51F1558947}.Release|Any CPU.ActiveCfg = Release|Any CPU
		{F1F13DD7-B0A6-43FF-A03E-CC51F1558947}.Release|Any CPU.Build.0 = Release|Any CPU
		{6F8E3D0A-3255-4E1E-9E3E-EA152A3AD6C2}.Debug|Any CPU.ActiveCfg = Debug|Any CPU
		{6F8E3D0A-3255-4E1E-9E3E-EA152A3AD6C2}.Debug|Any CPU.Build.0 = Debug|Any CPU
		{6F8E3D0A-3255-4E1E-9E3E-EA152A3AD6C2}.Release|Any CPU.ActiveCfg = Release|Any CPU
		{6F8E3D0A-3255-4E1E-9E3E-EA152A3AD6C2}.Release|Any CPU.Build.0 = Release|Any CPU
	EndGlobalSection
	GlobalSection(SolutionProperties) = preSolution
		HideSolutionNode = FALSE
	EndGlobalSection
	GlobalSection(ExtensibilityGlobals) = postSolution
		SolutionGuid = {08D431D9-F0D3-4BE1-9DC8-464134EAD6F7}
	EndGlobalSection
EndGlobal
